
Microsoft Visual Studio Solution File, Format Version 12.00
# Visual Studio Version 16
VisualStudioVersion = 16.0.31025.194
MinimumVisualStudioVersion = 10.0.40219.1
Project("{8BC9CEB8-8B4A-11D0-8D11-00A0C91BC942}") = "문제1", "1791013_C언어복습문제2\1791013_C언어복습문제2.vcxproj", "{4580C1C2-3CEF-479D-AC06-BCFF389C1817}"
EndProject
Project("{8BC9CEB8-8B4A-11D0-8D11-00A0C91BC942}") = "문제2", "문제2\문제2.vcxproj", "{785E70D5-9875-4C37-B2FD-8AF5FBCFF7AE}"
EndProject
Project("{8BC9CEB8-8B4A-11D0-8D11-00A0C91BC942}") = "문제3", "문제3\문제3.vcxproj", "{61FEC1B9-BAD6-4929-850B-74800731F4D7}"
EndProject
Global
	GlobalSection(SolutionConfigurationPlatforms) = preSolution
		Debug|x64 = Debug|x64
		Debug|x86 = Debug|x86
		Release|x64 = Release|x64
		Release|x86 = Release|x86
	EndGlobalSection
	GlobalSection(ProjectConfigurationPlatforms) = postSolution
		{4580C1C2-3CEF-479D-AC06-BCFF389C1817}.Debug|x64.ActiveCfg = Debug|x64
		{4580C1C2-3CEF-479D-AC06-BCFF389C1817}.Debug|x64.Build.0 = Debug|x64
		{4580C1C2-3CEF-479D-AC06-BCFF389C1817}.Debug|x86.ActiveCfg = Debug|Win32
		{4580C1C2-3CEF-479D-AC06-BCFF389C1817}.Debug|x86.Build.0 = Debug|Win32
		{4580C1C2-3CEF-479D-AC06-BCFF389C1817}.Release|x64.ActiveCfg = Release|x64
		{4580C1C2-3CEF-479D-AC06-BCFF389C1817}.Release|x64.Build.0 = Release|x64
		{4580C1C2-3CEF-479D-AC06-BCFF389C1817}.Release|x86.ActiveCfg = Release|Win32
		{4580C1C2-3CEF-479D-AC06-BCFF389C1817}.Release|x86.Build.0 = Release|Win32
		{785E70D5-9875-4C37-B2FD-8AF5FBCFF7AE}.Debug|x64.ActiveCfg = Debug|x64
		{785E70D5-9875-4C37-B2FD-8AF5FBCFF7AE}.Debug|x64.Build.0 = Debug|x64
		{785E70D5-9875-4C37-B2FD-8AF5FBCFF7AE}.Debug|x86.ActiveCfg = Debug|Win32
		{785E70D5-9875-4C37-B2FD-8AF5FBCFF7AE}.Debug|x86.Build.0 = Debug|Win32
		{785E70D5-9875-4C37-B2FD-8AF5FBCFF7AE}.Release|x64.ActiveCfg = Release|x64
		{785E70D5-9875-4C37-B2FD-8AF5FBCFF7AE}.Release|x64.Build.0 = Release|x64
		{785E70D5-9875-4C37-B2FD-8AF5FBCFF7AE}.Release|x86.ActiveCfg = Release|Win32
		{785E70D5-9875-4C37-B2FD-8AF5FBCFF7AE}.Release|x86.Build.0 = Release|Win32
		{61FEC1B9-BAD6-4929-850B-74800731F4D7}.Debug|x64.ActiveCfg = Debug|x64
		{61FEC1B9-BAD6-4929-850B-74800731F4D7}.Debug|x64.Build.0 = Debug|x64
		{61FEC1B9-BAD6-4929-850B-74800731F4D7}.Debug|x86.ActiveCfg = Debug|Win32
		{61FEC1B9-BAD6-4929-850B-74800731F4D7}.Debug|x86.Build.0 = Debug|Win32
		{61FEC1B9-BAD6-4929-850B-74800731F4D7}.Release|x64.ActiveCfg = Release|x64
		{61FEC1B9-BAD6-4929-850B-74800731F4D7}.Release|x64.Build.0 = Release|x64
		{61FEC1B9-BAD6-4929-850B-74800731F4D7}.Release|x86.ActiveCfg = Release|Win32
		{61FEC1B9-BAD6-4929-850B-74800731F4D7}.Release|x86.Build.0 = Release|Win32
	EndGlobalSection
	GlobalSection(SolutionProperties) = preSolution
		HideSolutionNode = FALSE
	EndGlobalSection
	GlobalSection(ExtensibilityGlobals) = postSolution
		SolutionGuid = {E66DAE2C-E29C-4AE2-8A0D-D5C661AB4DA0}
	EndGlobalSection
EndGlobal
